// !$*UTF8*$!
{
	archiveVersion = 1;
	classes = {
	};
	objectVersion = 77;
	objects = {

/* Begin PBXContainerItemProxy section */
		0301D8DB2E6AB1FC008DF86C /* PBXContainerItemProxy */ = {
			isa = PBXContainerItemProxy;
			containerPortal = 0301D8C22E6AB1FA008DF86C /* Project object */;
			proxyType = 1;
			remoteGlobalIDString = 0301D8C92E6AB1FA008DF86C;
			remoteInfo = hikingAPP;
		};
		0301D8E52E6AB1FC008DF86C /* PBXContainerItemProxy */ = {
			isa = PBXContainerItemProxy;
			containerPortal = 0301D8C22E6AB1FA008DF86C /* Project object */;
			proxyType = 1;
			remoteGlobalIDString = 0301D8C92E6AB1FA008DF86C;
			remoteInfo = hikingAPP;
		};
/* End PBXContainerItemProxy section */

/* Begin PBXFileReference section */
		0301D8CA2E6AB1FA008DF86C /* hikingAPP.app */ = {isa = PBXFileReference; explicitFileType = wrapper.application; includeInIndex = 0; path = hikingAPP.app; sourceTree = BUILT_PRODUCTS_DIR; };
		0301D8DA2E6AB1FC008DF86C /* hikingAPPTests.xctest */ = {isa = PBXFileReference; explicitFileType = wrapper.cfbundle; includeInIndex = 0; path = hikingAPPTests.xctest; sourceTree = BUILT_PRODUCTS_DIR; };
		0301D8E42E6AB1FC008DF86C /* hikingAPPUITests.xctest */ = {isa = PBXFileReference; explicitFileType = wrapper.cfbundle; includeInIndex = 0; path = hikingAPPUITests.xctest; sourceTree = BUILT_PRODUCTS_DIR; };
/* End PBXFileReference section */

/* Begin PBXFileSystemSynchronizedBuildFileExceptionSet section */
		03D2DAF72E6BE94E00B3B69C /* Exceptions for "hikingAPP" folder in "hikingAPP" target */ = {
			isa = PBXFileSystemSynchronizedBuildFileExceptionSet;
			membershipExceptions = (
				Info.plist,
			);
			target = 0301D8C92E6AB1FA008DF86C /* hikingAPP */;
		};
/* End PBXFileSystemSynchronizedBuildFileExceptionSet section */

/* Begin PBXFileSystemSynchronizedRootGroup section */
		0301D8CC2E6AB1FA008DF86C /* hikingAPP */ = {
			isa = PBXFileSystemSynchronizedRootGroup;
			exceptions = (
				03D2DAF72E6BE94E00B3B69C /* Exceptions for "hikingAPP" folder in "hikingAPP" target */,
			);
			path = hikingAPP;
			sourceTree = "<group>";
		};
		0301D8DD2E6AB1FC008DF86C /* hikingAPPTests */ = {
			isa = PBXFileSystemSynchronizedRootGroup;
			path = hikingAPPTests;
			sourceTree = "<group>";
		};
		0301D8E72E6AB1FC008DF86C /* hikingAPPUITests */ = {
			isa = PBXFileSystemSynchronizedRootGroup;
			path = hikingAPPUITests;
			sourceTree = "<group>";
		};
/* End PBXFileSystemSynchronizedRootGroup section */

/* Begin PBXFrameworksBuildPhase section */
		0301D8C72E6AB1FA008DF86C /* Frameworks */ = {
			isa = PBXFrameworksBuildPhase;
			buildActionMask = 2147483647;
			files = (
			);
			runOnlyForDeploymentPostprocessing = 0;
		};
		0301D8D72E6AB1FC008DF86C /* Frameworks */ = {
			isa = PBXFrameworksBuildPhase;
			buildActionMask = 2147483647;
			files = (
			);
			runOnlyForDeploymentPostprocessing = 0;
		};
		0301D8E12E6AB1FC008DF86C /* Frameworks */ = {
			isa = PBXFrameworksBuildPhase;
			buildActionMask = 2147483647;
			files = (
			);
			runOnlyForDeploymentPostprocessing = 0;
		};
/* End PBXFrameworksBuildPhase section */

/* Begin PBXGroup section */
		0301D8C12E6AB1FA008DF86C = {
			isa = PBXGroup;
			children = (
				0301D8CC2E6AB1FA008DF86C /* hikingAPP */,
				0301D8DD2E6AB1FC008DF86C /* hikingAPPTests */,
				0301D8E72E6AB1FC008DF86C /* hikingAPPUITests */,
				0301D8CB2E6AB1FA008DF86C /* Products */,
			);
			sourceTree = "<group>";
		};
		0301D8CB2E6AB1FA008DF86C /* Products */ = {
			isa = PBXGroup;
			children = (
				0301D8CA2E6AB1FA008DF86C /* hikingAPP.app */,
				0301D8DA2E6AB1FC008DF86C /* hikingAPPTests.xctest */,
				0301D8E42E6AB1FC008DF86C /* hikingAPPUITests.xctest */,
			);
			name = Products;
			sourceTree = "<group>";
		};
/* End PBXGroup section */

/* Begin PBXNativeTarget section */
		0301D8C92E6AB1FA008DF86C /* hikingAPP */ = {
			isa = PBXNativeTarget;
			buildConfigurationList = 0301D8EE2E6AB1FC008DF86C /* Build configuration list for PBXNativeTarget "hikingAPP" */;
			buildPhases = (
				0301D8C62E6AB1FA008DF86C /* Sources */,
				0301D8C72E6AB1FA008DF86C /* Frameworks */,
				0301D8C82E6AB1FA008DF86C /* Resources */,
			);
			buildRules = (
			);
			dependencies = (
			);
			fileSystemSynchronizedGroups = (
				0301D8CC2E6AB1FA008DF86C /* hikingAPP */,
			);
			name = hikingAPP;
			packageProductDependencies = (
			);
			productName = hikingAPP;
			productReference = 0301D8CA2E6AB1FA008DF86C /* hikingAPP.app */;
			productType = "com.apple.product-type.application";
		};
		0301D8D92E6AB1FC008DF86C /* hikingAPPTests */ = {
			isa = PBXNativeTarget;
			buildConfigurationList = 0301D8F12E6AB1FC008DF86C /* Build configuration list for PBXNativeTarget "hikingAPPTests" */;
			buildPhases = (
				0301D8D62E6AB1FC008DF86C /* Sources */,
				0301D8D72E6AB1FC008DF86C /* Frameworks */,
				0301D8D82E6AB1FC008DF86C /* Resources */,
			);
			buildRules = (
			);
			dependencies = (
				0301D8DC2E6AB1FC008DF86C /* PBXTargetDependency */,
			);
			fileSystemSynchronizedGroups = (
				0301D8DD2E6AB1FC008DF86C /* hikingAPPTests */,
			);
			name = hikingAPPTests;
			packageProductDependencies = (
			);
			productName = hikingAPPTests;
			productReference = 0301D8DA2E6AB1FC008DF86C /* hikingAPPTests.xctest */;
			productType = "com.apple.product-type.bundle.unit-test";
		};
		0301D8E32E6AB1FC008DF86C /* hikingAPPUITests */ = {
			isa = PBXNativeTarget;
			buildConfigurationList = 0301D8F42E6AB1FC008DF86C /* Build configuration list for PBXNativeTarget "hikingAPPUITests" */;
			buildPhases = (
				0301D8E02E6AB1FC008DF86C /* Sources */,
				0301D8E12E6AB1FC008DF86C /* Frameworks */,
				0301D8E22E6AB1FC008DF86C /* Resources */,
			);
			buildRules = (
			);
			dependencies = (
				0301D8E62E6AB1FC008DF86C /* PBXTargetDependency */,
			);
			fileSystemSynchronizedGroups = (
				0301D8E72E6AB1FC008DF86C /* hikingAPPUITests */,
			);
			name = hikingAPPUITests;
			packageProductDependencies = (
			);
			productName = hikingAPPUITests;
			productReference = 0301D8E42E6AB1FC008DF86C /* hikingAPPUITests.xctest */;
			productType = "com.apple.product-type.bundle.ui-testing";
		};
/* End PBXNativeTarget section */

/* Begin PBXProject section */
		0301D8C22E6AB1FA008DF86C /* Project object */ = {
			isa = PBXProject;
			attributes = {
				BuildIndependentTargetsInParallel = 1;
				LastSwiftUpdateCheck = 1610;
				LastUpgradeCheck = 2610;
				TargetAttributes = {
					0301D8C92E6AB1FA008DF86C = {
						CreatedOnToolsVersion = 16.1;
					};
					0301D8D92E6AB1FC008DF86C = {
						CreatedOnToolsVersion = 16.1;
						TestTargetID = 0301D8C92E6AB1FA008DF86C;
					};
					0301D8E32E6AB1FC008DF86C = {
						CreatedOnToolsVersion = 16.1;
						TestTargetID = 0301D8C92E6AB1FA008DF86C;
					};
				};
			};
			buildConfigurationList = 0301D8C52E6AB1FA008DF86C /* Build configuration list for PBXProject "hikingAPP" */;
			developmentRegion = en;
			hasScannedForEncodings = 0;
			knownRegions = (
				en,
				Base,
			);
			mainGroup = 0301D8C12E6AB1FA008DF86C;
			minimizedProjectReferenceProxies = 1;
			preferredProjectObjectVersion = 77;
			productRefGroup = 0301D8CB2E6AB1FA008DF86C /* Products */;
			projectDirPath = "";
			projectRoot = "";
			targets = (
				0301D8C92E6AB1FA008DF86C /* hikingAPP */,
				0301D8D92E6AB1FC008DF86C /* hikingAPPTests */,
				0301D8E32E6AB1FC008DF86C /* hikingAPPUITests */,
			);
		};
/* End PBXProject section */

/* Begin PBXResourcesBuildPhase section */
		0301D8C82E6AB1FA008DF86C /* Resources */ = {
			isa = PBXResourcesBuildPhase;
			buildActionMask = 2147483647;
			files = (
			);
			runOnlyForDeploymentPostprocessing = 0;
		};
		0301D8D82E6AB1FC008DF86C /* Resources */ = {
			isa = PBXResourcesBuildPhase;
			buildActionMask = 2147483647;
			files = (
			);
			runOnlyForDeploymentPostprocessing = 0;
		};
		0301D8E22E6AB1FC008DF86C /* Resources */ = {
			isa = PBXResourcesBuildPhase;
			buildActionMask = 2147483647;
			files = (
			);
			runOnlyForDeploymentPostprocessing = 0;
		};
/* End PBXResourcesBuildPhase section */

/* Begin PBXSourcesBuildPhase section */
		0301D8C62E6AB1FA008DF86C /* Sources */ = {
			isa = PBXSourcesBuildPhase;
			buildActionMask = 2147483647;
			files = (
			);
			runOnlyForDeploymentPostprocessing = 0;
		};
		0301D8D62E6AB1FC008DF86C /* Sources */ = {
			isa = PBXSourcesBuildPhase;
			buildActionMask = 2147483647;
			files = (
			);
			runOnlyForDeploymentPostprocessing = 0;
		};
		0301D8E02E6AB1FC008DF86C /* Sources */ = {
			isa = PBXSourcesBuildPhase;
			buildActionMask = 2147483647;
			files = (
			);
			runOnlyForDeploymentPostprocessing = 0;
		};
/* End PBXSourcesBuildPhase section */

/* Begin PBXTargetDependency section */
		0301D8DC2E6AB1FC008DF86C /* PBXTargetDependency */ = {
			isa = PBXTargetDependency;
			target = 0301D8C92E6AB1FA008DF86C /* hikingAPP */;
			targetProxy = 0301D8DB2E6AB1FC008DF86C /* PBXContainerItemProxy */;
		};
		0301D8E62E6AB1FC008DF86C /* PBXTargetDependency */ = {
			isa = PBXTargetDependency;
			target = 0301D8C92E6AB1FA008DF86C /* hikingAPP */;
			targetProxy = 0301D8E52E6AB1FC008DF86C /* PBXContainerItemProxy */;
		};
/* End PBXTargetDependency section */

/* Begin XCBuildConfiguration section */
		0301D8EC2E6AB1FC008DF86C /* Debug */ = {
			isa = XCBuildConfiguration;
			buildSettings = {
				ALWAYS_SEARCH_USER_PATHS = NO;
				ASSETCATALOG_COMPILER_GENERATE_SWIFT_ASSET_SYMBOL_EXTENSIONS = YES;
				CLANG_ANALYZER_NONNULL = YES;
				CLANG_ANALYZER_NUMBER_OBJECT_CONVERSION = YES_AGGRESSIVE;
				CLANG_CXX_LANGUAGE_STANDARD = "gnu++20";
				CLANG_ENABLE_MODULES = YES;
				CLANG_ENABLE_OBJC_ARC = YES;
				CLANG_ENABLE_OBJC_WEAK = YES;
				CLANG_WARN_BLOCK_CAPTURE_AUTORELEASING = YES;
				CLANG_WARN_BOOL_CONVERSION = YES;
				CLANG_WARN_COMMA = YES;
				CLANG_WARN_CONSTANT_CONVERSION = YES;
				CLANG_WARN_DEPRECATED_OBJC_IMPLEMENTATIONS = YES;
				CLANG_WARN_DIRECT_OBJC_ISA_USAGE = YES_ERROR;
				CLANG_WARN_DOCUMENTATION_COMMENTS = YES;
				CLANG_WARN_EMPTY_BODY = YES;
				CLANG_WARN_ENUM_CONVERSION = YES;
				CLANG_WARN_INFINITE_RECURSION = YES;
				CLANG_WARN_INT_CONVERSION = YES;
				CLANG_WARN_NON_LITERAL_NULL_CONVERSION = YES;
				CLANG_WARN_OBJC_IMPLICIT_RETAIN_SELF = YES;
				CLANG_WARN_OBJC_LITERAL_CONVERSION = YES;
				CLANG_WARN_OBJC_ROOT_CLASS = YES_ERROR;
				CLANG_WARN_QUOTED_INCLUDE_IN_FRAMEWORK_HEADER = YES;
				CLANG_WARN_RANGE_LOOP_ANALYSIS = YES;
				CLANG_WARN_STRICT_PROTOTYPES = YES;
				CLANG_WARN_SUSPICIOUS_MOVE = YES;
				CLANG_WARN_UNGUARDED_AVAILABILITY = YES_AGGRESSIVE;
				CLANG_WARN_UNREACHABLE_CODE = YES;
				CLANG_WARN__DUPLICATE_METHOD_MATCH = YES;
				COPY_PHASE_STRIP = NO;
				DEBUG_INFORMATION_FORMAT = dwarf;
				ENABLE_STRICT_OBJC_MSGSEND = YES;
				ENABLE_TESTABILITY = YES;
				ENABLE_USER_SCRIPT_SANDBOXING = YES;
				GCC_C_LANGUAGE_STANDARD = gnu17;
				GCC_DYNAMIC_NO_PIC = NO;
				GCC_NO_COMMON_BLOCKS = YES;
				GCC_OPTIMIZATION_LEVEL = 0;
				GCC_PREPROCESSOR_DEFINITIONS = (
					"DEBUG=1",
					"$(inherited)",
				);
				GCC_WARN_64_TO_32_BIT_CONVERSION = YES;
				GCC_WARN_ABOUT_RETURN_TYPE = YES_ERROR;
				GCC_WARN_UNDECLARED_SELECTOR = YES;
				GCC_WARN_UNINITIALIZED_AUTOS = YES_AGGRESSIVE;
				GCC_WARN_UNUSED_FUNCTION = YES;
				GCC_WARN_UNUSED_VARIABLE = YES;
				IPHONEOS_DEPLOYMENT_TARGET = 18.1;
				LOCALIZATION_PREFERS_STRING_CATALOGS = YES;
				MTL_ENABLE_DEBUG_INFO = INCLUDE_SOURCE;
				MTL_FAST_MATH = YES;
				NEW_SETTING = "";
				ONLY_ACTIVE_ARCH = YES;
				SDKROOT = iphoneos;
				STRING_CATALOG_GENERATE_SYMBOLS = YES;
				SWIFT_ACTIVE_COMPILATION_CONDITIONS = "DEBUG $(inherited)";
				SWIFT_OPTIMIZATION_LEVEL = "-Onone";
			};
			name = Debug;
		};
		0301D8ED2E6AB1FC008DF86C /* Release */ = {
			isa = XCBuildConfiguration;
			buildSettings = {
				ALWAYS_SEARCH_USER_PATHS = NO;
				ASSETCATALOG_COMPILER_GENERATE_SWIFT_ASSET_SYMBOL_EXTENSIONS = YES;
				CLANG_ANALYZER_NONNULL = YES;
				CLANG_ANALYZER_NUMBER_OBJECT_CONVERSION = YES_AGGRESSIVE;
				CLANG_CXX_LANGUAGE_STANDARD = "gnu++20";
				CLANG_ENABLE_MODULES = YES;
				CLANG_ENABLE_OBJC_ARC = YES;
				CLANG_ENABLE_OBJC_WEAK = YES;
				CLANG_WARN_BLOCK_CAPTURE_AUTORELEASING = YES;
				CLANG_WARN_BOOL_CONVERSION = YES;
				CLANG_WARN_COMMA = YES;
				CLANG_WARN_CONSTANT_CONVERSION = YES;
				CLANG_WARN_DEPRECATED_OBJC_IMPLEMENTATIONS = YES;
				CLANG_WARN_DIRECT_OBJC_ISA_USAGE = YES_ERROR;
				CLANG_WARN_DOCUMENTATION_COMMENTS = YES;
				CLANG_WARN_EMPTY_BODY = YES;
				CLANG_WARN_ENUM_CONVERSION = YES;
				CLANG_WARN_INFINITE_RECURSION = YES;
				CLANG_WARN_INT_CONVERSION = YES;
				CLANG_WARN_NON_LITERAL_NULL_CONVERSION = YES;
				CLANG_WARN_OBJC_IMPLICIT_RETAIN_SELF = YES;
				CLANG_WARN_OBJC_LITERAL_CONVERSION = YES;
				CLANG_WARN_OBJC_ROOT_CLASS = YES_ERROR;
				CLANG_WARN_QUOTED_INCLUDE_IN_FRAMEWORK_HEADER = YES;
				CLANG_WARN_RANGE_LOOP_ANALYSIS = YES;
				CLANG_WARN_STRICT_PROTOTYPES = YES;
				CLANG_WARN_SUSPICIOUS_MOVE = YES;
				CLANG_WARN_UNGUARDED_AVAILABILITY = YES_AGGRESSIVE;
				CLANG_WARN_UNREACHABLE_CODE = YES;
				CLANG_WARN__DUPLICATE_METHOD_MATCH = YES;
				COPY_PHASE_STRIP = NO;
				DEBUG_INFORMATION_FORMAT = "dwarf-with-dsym";
				ENABLE_NS_ASSERTIONS = NO;
				ENABLE_STRICT_OBJC_MSGSEND = YES;
				ENABLE_USER_SCRIPT_SANDBOXING = YES;
				GCC_C_LANGUAGE_STANDARD = gnu17;
				GCC_NO_COMMON_BLOCKS = YES;
				GCC_WARN_64_TO_32_BIT_CONVERSION = YES;
				GCC_WARN_ABOUT_RETURN_TYPE = YES_ERROR;
				GCC_WARN_UNDECLARED_SELECTOR = YES;
				GCC_WARN_UNINITIALIZED_AUTOS = YES_AGGRESSIVE;
				GCC_WARN_UNUSED_FUNCTION = YES;
				GCC_WARN_UNUSED_VARIABLE = YES;
				IPHONEOS_DEPLOYMENT_TARGET = 18.1;
				LOCALIZATION_PREFERS_STRING_CATALOGS = YES;
				MTL_ENABLE_DEBUG_INFO = NO;
				MTL_FAST_MATH = YES;
				NEW_SETTING = "";
				SDKROOT = iphoneos;
				STRING_CATALOG_GENERATE_SYMBOLS = YES;
				SWIFT_COMPILATION_MODE = wholemodule;
				VALIDATE_PRODUCT = YES;
			};
			name = Release;
		};
		0301D8EF2E6AB1FC008DF86C /* Debug */ = {
			isa = XCBuildConfiguration;
			buildSettings = {
				ASSETCATALOG_COMPILER_APPICON_NAME = AppIcon;
				ASSETCATALOG_COMPILER_GLOBAL_ACCENT_COLOR_NAME = AccentColor;
				CODE_SIGN_STYLE = Automatic;
				CURRENT_PROJECT_VERSION = 1;
				DEVELOPMENT_ASSET_PATHS = "\"hikingAPP/Preview Content\"";
				DEVELOPMENT_TEAM = 22B92UG555;
				ENABLE_PREVIEWS = YES;
				GENERATE_INFOPLIST_FILE = YES;
				INFOPLIST_FILE = hikingAPP/Info.plist;
				INFOPLIST_KEY_NSLocationAlwaysAndWhenInUseUsageDescription = "We use your location only on your device. Nothing leaves your phone.";
				INFOPLIST_KEY_NSLocationWhenInUseUsageDescription = "We use your location only on your device. Nothing leaves your phone.";
				INFOPLIST_KEY_UIApplicationSceneManifest_Generation = YES;
				INFOPLIST_KEY_UIApplicationSupportsIndirectInputEvents = YES;
				INFOPLIST_KEY_UILaunchScreen_Generation = YES;
				INFOPLIST_KEY_UISupportedInterfaceOrientations_iPad = "UIInterfaceOrientationPortrait UIInterfaceOrientationPortraitUpsideDown UIInterfaceOrientationLandscapeLeft UIInterfaceOrientationLandscapeRight";
				INFOPLIST_KEY_UISupportedInterfaceOrientations_iPhone = "UIInterfaceOrientationPortrait UIInterfaceOrientationLandscapeLeft UIInterfaceOrientationLandscapeRight";
				LD_RUNPATH_SEARCH_PATHS = (
					"$(inherited)",
					"@executable_path/Frameworks",
				);
				MARKETING_VERSION = 1.0;
				PRODUCT_BUNDLE_IDENTIFIER = josh.hikingAPP;
				PRODUCT_NAME = "$(TARGET_NAME)";
				SWIFT_EMIT_LOC_STRINGS = YES;
				SWIFT_VERSION = 5.0;
				TARGETED_DEVICE_FAMILY = "1,2";
			};
			name = Debug;
		};
		0301D8F02E6AB1FC008DF86C /* Release */ = {
			isa = XCBuildConfiguration;
			buildSettings = {
				ASSETCATALOG_COMPILER_APPICON_NAME = AppIcon;
				ASSETCATALOG_COMPILER_GLOBAL_ACCENT_COLOR_NAME = AccentColor;
				CODE_SIGN_STYLE = Automatic;
				CURRENT_PROJECT_VERSION = 1;
				DEVELOPMENT_ASSET_PATHS = "\"hikingAPP/Preview Content\"";
				DEVELOPMENT_TEAM = 22B92UG555;
				ENABLE_PREVIEWS = YES;
				GENERATE_INFOPLIST_FILE = YES;
				INFOPLIST_FILE = hikingAPP/Info.plist;
				INFOPLIST_KEY_NSLocationAlwaysAndWhenInUseUsageDescription = "We use your location only on your device. Nothing leaves your phone.";
				INFOPLIST_KEY_NSLocationWhenInUseUsageDescription = "We use your location only on your device. Nothing leaves your phone.";
				INFOPLIST_KEY_UIApplicationSceneManifest_Generation = YES;
				INFOPLIST_KEY_UIApplicationSupportsIndirectInputEvents = YES;
				INFOPLIST_KEY_UILaunchScreen_Generation = YES;
				INFOPLIST_KEY_UISupportedInterfaceOrientations_iPad = "UIInterfaceOrientationPortrait UIInterfaceOrientationPortraitUpsideDown UIInterfaceOrientationLandscapeLeft UIInterfaceOrientationLandscapeRight";
				INFOPLIST_KEY_UISupportedInterfaceOrientations_iPhone = "UIInterfaceOrientationPortrait UIInterfaceOrientationLandscapeLeft UIInterfaceOrientationLandscapeRight";
				LD_RUNPATH_SEARCH_PATHS = (
					"$(inherited)",
					"@executable_path/Frameworks",
				);
				MARKETING_VERSION = 1.0;
				PRODUCT_BUNDLE_IDENTIFIER = josh.hikingAPP;
				PRODUCT_NAME = "$(TARGET_NAME)";
				SWIFT_EMIT_LOC_STRINGS = YES;
				SWIFT_VERSION = 5.0;
				TARGETED_DEVICE_FAMILY = "1,2";
			};
			name = Release;
		};
		0301D8F22E6AB1FC008DF86C /* Debug */ = {
			isa = XCBuildConfiguration;
			buildSettings = {
				BUNDLE_LOADER = "$(TEST_HOST)";
				CODE_SIGN_STYLE = Automatic;
				CURRENT_PROJECT_VERSION = 1;
				GENERATE_INFOPLIST_FILE = YES;
				IPHONEOS_DEPLOYMENT_TARGET = 18.1;
				MARKETING_VERSION = 1.0;
				PRODUCT_BUNDLE_IDENTIFIER = josh.hikingAPPTests;
				PRODUCT_NAME = "$(TARGET_NAME)";
				SWIFT_EMIT_LOC_STRINGS = NO;
				SWIFT_VERSION = 5.0;
				TARGETED_DEVICE_FAMILY = "1,2";
				TEST_HOST = "$(BUILT_PRODUCTS_DIR)/hikingAPP.app/$(BUNDLE_EXECUTABLE_FOLDER_PATH)/hikingAPP";
			};
			name = Debug;
		};
		0301D8F32E6AB1FC008DF86C /* Release */ = {
			isa = XCBuildConfiguration;
			buildSettings = {
				BUNDLE_LOADER = "$(TEST_HOST)";
				CODE_SIGN_STYLE = Automatic;
				CURRENT_PROJECT_VERSION = 1;
				GENERATE_INFOPLIST_FILE = YES;
				IPHONEOS_DEPLOYMENT_TARGET = 18.1;
				MARKETING_VERSION = 1.0;
				PRODUCT_BUNDLE_IDENTIFIER = josh.hikingAPPTests;
				PRODUCT_NAME = "$(TARGET_NAME)";
				SWIFT_EMIT_LOC_STRINGS = NO;
				SWIFT_VERSION = 5.0;
				TARGETED_DEVICE_FAMILY = "1,2";
				TEST_HOST = "$(BUILT_PRODUCTS_DIR)/hikingAPP.app/$(BUNDLE_EXECUTABLE_FOLDER_PATH)/hikingAPP";
			};
			name = Release;
		};
		0301D8F52E6AB1FC008DF86C /* Debug */ = {
			isa = XCBuildConfiguration;
			buildSettings = {
				CODE_SIGN_STYLE = Automatic;
				CURRENT_PROJECT_VERSION = 1;
				GENERATE_INFOPLIST_FILE = YES;
				MARKETING_VERSION = 1.0;
				PRODUCT_BUNDLE_IDENTIFIER = josh.hikingAPPUITests;
				PRODUCT_NAME = "$(TARGET_NAME)";
				SWIFT_EMIT_LOC_STRINGS = NO;
				SWIFT_VERSION = 5.0;
				TARGETED_DEVICE_FAMILY = "1,2";
				TEST_TARGET_NAME = hikingAPP;
			};
			name = Debug;
		};
		0301D8F62E6AB1FC008DF86C /* Release */ = {
			isa = XCBuildConfiguration;
			buildSettings = {
				CODE_SIGN_STYLE = Automatic;
				CURRENT_PROJECT_VERSION = 1;
				GENERATE_INFOPLIST_FILE = YES;
				MARKETING_VERSION = 1.0;
				PRODUCT_BUNDLE_IDENTIFIER = josh.hikingAPPUITests;
				PRODUCT_NAME = "$(TARGET_NAME)";
				SWIFT_EMIT_LOC_STRINGS = NO;
				SWIFT_VERSION = 5.0;
				TARGETED_DEVICE_FAMILY = "1,2";
				TEST_TARGET_NAME = hikingAPP;
			};
			name = Release;
		};
/* End XCBuildConfiguration section */

/* Begin XCConfigurationList section */
		0301D8C52E6AB1FA008DF86C /* Build configuration list for PBXProject "hikingAPP" */ = {
			isa = XCConfigurationList;
			buildConfigurations = (
				0301D8EC2E6AB1FC008DF86C /* Debug */,
				0301D8ED2E6AB1FC008DF86C /* Release */,
			);
			defaultConfigurationIsVisible = 0;
			defaultConfigurationName = Release;
		};
		0301D8EE2E6AB1FC008DF86C /* Build configuration list for PBXNativeTarget "hikingAPP" */ = {
			isa = XCConfigurationList;
			buildConfigurations = (
				0301D8EF2E6AB1FC008DF86C /* Debug */,
				0301D8F02E6AB1FC008DF86C /* Release */,
			);
			defaultConfigurationIsVisible = 0;
			defaultConfigurationName = Release;
		};
		0301D8F12E6AB1FC008DF86C /* Build configuration list for PBXNativeTarget "hikingAPPTests" */ = {
			isa = XCConfigurationList;
			buildConfigurations = (
				0301D8F22E6AB1FC008DF86C /* Debug */,
				0301D8F32E6AB1FC008DF86C /* Release */,
			);
			defaultConfigurationIsVisible = 0;
			defaultConfigurationName = Release;
		};
		0301D8F42E6AB1FC008DF86C /* Build configuration list for PBXNativeTarget "hikingAPPUITests" */ = {
			isa = XCConfigurationList;
			buildConfigurations = (
				0301D8F52E6AB1FC008DF86C /* Debug */,
				0301D8F62E6AB1FC008DF86C /* Release */,
			);
			defaultConfigurationIsVisible = 0;
			defaultConfigurationName = Release;
		};
/* End XCConfigurationList section */
	};
	rootObject = 0301D8C22E6AB1FA008DF86C /* Project object */;
}
